
Microsoft Visual Studio Solution File, Format Version 12.00
# Visual Studio Version 17
VisualStudioVersion = 17.0.31903.59
MinimumVisualStudioVersion = 10.0.40219.1
Project("{2150E333-8FDC-42A3-9474-1A3956D46DE8}") = "Tasks", "Tasks", "{AE05F47D-4707-43A4-978D-37D7155FD65E}"
EndProject
Project("{FAE04EC0-301F-11D3-BF4B-00C04F79EFBC}") = "Test2", "Tasks\Test2\Test2.csproj", "{56E15C84-FC37-4EB2-B28B-91DE7464DEB8}"
EndProject
Global
	GlobalSection(SolutionConfigurationPlatforms) = preSolution
		Debug|Any CPU = Debug|Any CPU
		Release|Any CPU = Release|Any CPU
	EndGlobalSection
	GlobalSection(SolutionProperties) = preSolution
		HideSolutionNode = FALSE
	EndGlobalSection
	GlobalSection(ProjectConfigurationPlatforms) = postSolution
		{56E15C84-FC37-4EB2-B28B-91DE7464DEB8}.Debug|Any CPU.ActiveCfg = Debug|Any CPU
		{56E15C84-FC37-4EB2-B28B-91DE7464DEB8}.Debug|Any CPU.Build.0 = Debug|Any CPU
		{56E15C84-FC37-4EB2-B28B-91DE7464DEB8}.Release|Any CPU.ActiveCfg = Release|Any CPU
		{56E15C84-FC37-4EB2-B28B-91DE7464DEB8}.Release|Any CPU.Build.0 = Release|Any CPU
	EndGlobalSection
	GlobalSection(NestedProjects) = preSolution
		{56E15C84-FC37-4EB2-B28B-91DE7464DEB8} = {AE05F47D-4707-43A4-978D-37D7155FD65E}
	EndGlobalSection
EndGlobal
