
Microsoft Visual Studio Solution File, Format Version 12.00
# Visual Studio Version 17
VisualStudioVersion = 17.0.31903.59
MinimumVisualStudioVersion = 10.0.40219.1
Project("{FAE04EC0-301F-11D3-BF4B-00C04F79EFBC}") = "MyNUnit", "MyNUnit\MyNUnit.csproj", "{8BC1780D-4CC5-4D72-8E70-F2074A30DCBF}"
EndProject
Project("{FAE04EC0-301F-11D3-BF4B-00C04F79EFBC}") = "MyNUnit.Tests", "MyNUnit.Tests\MyNUnit.Tests.csproj", "{B1646846-EF44-4AB7-B5A2-97A5D249769F}"
EndProject
Project("{2150E333-8FDC-42A3-9474-1A3956D46DE8}") = "MyNUnit.Tests", "MyNUnit.Tests", "{5D2510F5-6E27-43F0-832B-ACBDB49F41E3}"
EndProject
Project("{2150E333-8FDC-42A3-9474-1A3956D46DE8}") = "TestProjects", "TestProjects", "{1204062B-FD1F-44A7-AA41-562E29A2DD96}"
EndProject
Project("{2150E333-8FDC-42A3-9474-1A3956D46DE8}") = "TestDirectory2", "TestDirectory2", "{C92AD7FA-9D89-4851-9AC1-87C8D1D22470}"
EndProject
Project("{FAE04EC0-301F-11D3-BF4B-00C04F79EFBC}") = "TestProject2.1", "MyNUnit.Tests\TestProjects\TestDirectory2\TestProject2.1\TestProject2.1.csproj", "{76FCAFE3-5B57-4210-B66E-2D42A294D047}"
EndProject
Project("{2150E333-8FDC-42A3-9474-1A3956D46DE8}") = "TestDirectory3", "TestDirectory3", "{6383011C-DE3B-4CFC-AC60-94939E7ADCCF}"
EndProject
Project("{FAE04EC0-301F-11D3-BF4B-00C04F79EFBC}") = "TestProject3.1", "MyNUnit.Tests\TestProjects\TestDirectory3\TestProject3.1\TestProject3.1.csproj", "{8DE0CB23-0E43-4B75-9084-1C58D7AA6818}"
EndProject
Project("{2150E333-8FDC-42A3-9474-1A3956D46DE8}") = "TestDirectory4", "TestDirectory4", "{4464929B-3451-4B40-A9E3-715DE9B5F3DC}"
EndProject
Project("{FAE04EC0-301F-11D3-BF4B-00C04F79EFBC}") = "TestProject4.1", "MyNUnit.Tests\TestProjects\TestDirectory4\TestProject4.1\TestProject4.1.csproj", "{101F2D28-6B82-4EB5-B0F8-AFFC43BC1261}"
EndProject
Project("{2150E333-8FDC-42A3-9474-1A3956D46DE8}") = "TestDirectory5", "TestDirectory5", "{7E8BE89A-A500-462A-94AE-A6ED24D5EB5E}"
EndProject
Project("{FAE04EC0-301F-11D3-BF4B-00C04F79EFBC}") = "TestProject5.1", "MyNUnit.Tests\TestProjects\TestDirectory5\TestProject5.1\TestProject5.1.csproj", "{500A9AB9-C388-4920-8592-6C92AB9AEB3F}"
EndProject
Project("{2150E333-8FDC-42A3-9474-1A3956D46DE8}") = "TestDirectory6", "TestDirectory6", "{77873BA9-6B56-41CD-95A4-E6C088187FD6}"
EndProject
Project("{FAE04EC0-301F-11D3-BF4B-00C04F79EFBC}") = "TestProject6.1", "MyNUnit.Tests\TestProjects\TestDirectory6\TestProject6.1\TestProject6.1.csproj", "{D6FD37A2-84DA-4A67-BB04-A85FBD4C72A3}"
EndProject
Project("{FAE04EC0-301F-11D3-BF4B-00C04F79EFBC}") = "TestProject6.2", "MyNUnit.Tests\TestProjects\TestDirectory6\TestProject6.2\TestProject6.2.csproj", "{07EE58A2-6497-42B1-9A90-5AD1B4DC2225}"
EndProject
Global
	GlobalSection(SolutionConfigurationPlatforms) = preSolution
		Debug|Any CPU = Debug|Any CPU
		Release|Any CPU = Release|Any CPU
	EndGlobalSection
	GlobalSection(SolutionProperties) = preSolution
		HideSolutionNode = FALSE
	EndGlobalSection
	GlobalSection(ProjectConfigurationPlatforms) = postSolution
		{8BC1780D-4CC5-4D72-8E70-F2074A30DCBF}.Debug|Any CPU.ActiveCfg = Debug|Any CPU
		{8BC1780D-4CC5-4D72-8E70-F2074A30DCBF}.Debug|Any CPU.Build.0 = Debug|Any CPU
		{8BC1780D-4CC5-4D72-8E70-F2074A30DCBF}.Release|Any CPU.ActiveCfg = Release|Any CPU
		{8BC1780D-4CC5-4D72-8E70-F2074A30DCBF}.Release|Any CPU.Build.0 = Release|Any CPU
		{B1646846-EF44-4AB7-B5A2-97A5D249769F}.Debug|Any CPU.ActiveCfg = Debug|Any CPU
		{B1646846-EF44-4AB7-B5A2-97A5D249769F}.Debug|Any CPU.Build.0 = Debug|Any CPU
		{B1646846-EF44-4AB7-B5A2-97A5D249769F}.Release|Any CPU.ActiveCfg = Release|Any CPU
		{B1646846-EF44-4AB7-B5A2-97A5D249769F}.Release|Any CPU.Build.0 = Release|Any CPU
		{76FCAFE3-5B57-4210-B66E-2D42A294D047}.Debug|Any CPU.ActiveCfg = Debug|Any CPU
		{76FCAFE3-5B57-4210-B66E-2D42A294D047}.Debug|Any CPU.Build.0 = Debug|Any CPU
		{76FCAFE3-5B57-4210-B66E-2D42A294D047}.Release|Any CPU.ActiveCfg = Release|Any CPU
		{76FCAFE3-5B57-4210-B66E-2D42A294D047}.Release|Any CPU.Build.0 = Release|Any CPU
		{8DE0CB23-0E43-4B75-9084-1C58D7AA6818}.Debug|Any CPU.ActiveCfg = Debug|Any CPU
		{8DE0CB23-0E43-4B75-9084-1C58D7AA6818}.Debug|Any CPU.Build.0 = Debug|Any CPU
		{8DE0CB23-0E43-4B75-9084-1C58D7AA6818}.Release|Any CPU.ActiveCfg = Release|Any CPU
		{8DE0CB23-0E43-4B75-9084-1C58D7AA6818}.Release|Any CPU.Build.0 = Release|Any CPU
		{101F2D28-6B82-4EB5-B0F8-AFFC43BC1261}.Debug|Any CPU.ActiveCfg = Debug|Any CPU
		{101F2D28-6B82-4EB5-B0F8-AFFC43BC1261}.Debug|Any CPU.Build.0 = Debug|Any CPU
		{101F2D28-6B82-4EB5-B0F8-AFFC43BC1261}.Release|Any CPU.ActiveCfg = Release|Any CPU
		{101F2D28-6B82-4EB5-B0F8-AFFC43BC1261}.Release|Any CPU.Build.0 = Release|Any CPU
		{500A9AB9-C388-4920-8592-6C92AB9AEB3F}.Debug|Any CPU.ActiveCfg = Debug|Any CPU
		{500A9AB9-C388-4920-8592-6C92AB9AEB3F}.Debug|Any CPU.Build.0 = Debug|Any CPU
		{500A9AB9-C388-4920-8592-6C92AB9AEB3F}.Release|Any CPU.ActiveCfg = Release|Any CPU
		{500A9AB9-C388-4920-8592-6C92AB9AEB3F}.Release|Any CPU.Build.0 = Release|Any CPU
		{D6FD37A2-84DA-4A67-BB04-A85FBD4C72A3}.Debug|Any CPU.ActiveCfg = Debug|Any CPU
		{D6FD37A2-84DA-4A67-BB04-A85FBD4C72A3}.Debug|Any CPU.Build.0 = Debug|Any CPU
		{D6FD37A2-84DA-4A67-BB04-A85FBD4C72A3}.Release|Any CPU.ActiveCfg = Release|Any CPU
		{D6FD37A2-84DA-4A67-BB04-A85FBD4C72A3}.Release|Any CPU.Build.0 = Release|Any CPU
		{07EE58A2-6497-42B1-9A90-5AD1B4DC2225}.Debug|Any CPU.ActiveCfg = Debug|Any CPU
		{07EE58A2-6497-42B1-9A90-5AD1B4DC2225}.Debug|Any CPU.Build.0 = Debug|Any CPU
		{07EE58A2-6497-42B1-9A90-5AD1B4DC2225}.Release|Any CPU.ActiveCfg = Release|Any CPU
		{07EE58A2-6497-42B1-9A90-5AD1B4DC2225}.Release|Any CPU.Build.0 = Release|Any CPU
	EndGlobalSection
	GlobalSection(NestedProjects) = preSolution
		{B1646846-EF44-4AB7-B5A2-97A5D249769F} = {5D2510F5-6E27-43F0-832B-ACBDB49F41E3}
		{1204062B-FD1F-44A7-AA41-562E29A2DD96} = {5D2510F5-6E27-43F0-832B-ACBDB49F41E3}
		{C92AD7FA-9D89-4851-9AC1-87C8D1D22470} = {1204062B-FD1F-44A7-AA41-562E29A2DD96}
		{76FCAFE3-5B57-4210-B66E-2D42A294D047} = {C92AD7FA-9D89-4851-9AC1-87C8D1D22470}
		{6383011C-DE3B-4CFC-AC60-94939E7ADCCF} = {1204062B-FD1F-44A7-AA41-562E29A2DD96}
		{8DE0CB23-0E43-4B75-9084-1C58D7AA6818} = {6383011C-DE3B-4CFC-AC60-94939E7ADCCF}
		{4464929B-3451-4B40-A9E3-715DE9B5F3DC} = {1204062B-FD1F-44A7-AA41-562E29A2DD96}
		{101F2D28-6B82-4EB5-B0F8-AFFC43BC1261} = {4464929B-3451-4B40-A9E3-715DE9B5F3DC}
		{7E8BE89A-A500-462A-94AE-A6ED24D5EB5E} = {1204062B-FD1F-44A7-AA41-562E29A2DD96}
		{500A9AB9-C388-4920-8592-6C92AB9AEB3F} = {7E8BE89A-A500-462A-94AE-A6ED24D5EB5E}
		{77873BA9-6B56-41CD-95A4-E6C088187FD6} = {1204062B-FD1F-44A7-AA41-562E29A2DD96}
		{D6FD37A2-84DA-4A67-BB04-A85FBD4C72A3} = {77873BA9-6B56-41CD-95A4-E6C088187FD6}
		{07EE58A2-6497-42B1-9A90-5AD1B4DC2225} = {77873BA9-6B56-41CD-95A4-E6C088187FD6}
	EndGlobalSection
EndGlobal
