
Microsoft Visual Studio Solution File, Format Version 12.00
# Visual Studio Version 17
VisualStudioVersion = 17.0.31903.59
MinimumVisualStudioVersion = 10.0.40219.1
Project("{2150E333-8FDC-42A3-9474-1A3956D46DE8}") = "Tasks", "Tasks", "{367D090C-E8FB-4E59-9CA5-AAD421AABA05}"
EndProject
Project("{FAE04EC0-301F-11D3-BF4B-00C04F79EFBC}") = "MatrixMultiplication", "MatrixMultiplication\MatrixMultiplication.csproj", "{77C60DCC-E949-45A8-A939-69690F3181B0}"
EndProject
Project("{FAE04EC0-301F-11D3-BF4B-00C04F79EFBC}") = "MatrixMultiplication.Tests", "MatrixMultiplication.Tests\MatrixMultiplication.Tests.csproj", "{3F81C719-D2EF-4356-9E6C-938A2BA12B3A}"
EndProject
Global
	GlobalSection(SolutionConfigurationPlatforms) = preSolution
		Debug|Any CPU = Debug|Any CPU
		Release|Any CPU = Release|Any CPU
	EndGlobalSection
	GlobalSection(ProjectConfigurationPlatforms) = postSolution
		{77C60DCC-E949-45A8-A939-69690F3181B0}.Debug|Any CPU.ActiveCfg = Debug|Any CPU
		{77C60DCC-E949-45A8-A939-69690F3181B0}.Debug|Any CPU.Build.0 = Debug|Any CPU
		{77C60DCC-E949-45A8-A939-69690F3181B0}.Release|Any CPU.ActiveCfg = Release|Any CPU
		{77C60DCC-E949-45A8-A939-69690F3181B0}.Release|Any CPU.Build.0 = Release|Any CPU
		{3F81C719-D2EF-4356-9E6C-938A2BA12B3A}.Debug|Any CPU.ActiveCfg = Debug|Any CPU
		{3F81C719-D2EF-4356-9E6C-938A2BA12B3A}.Debug|Any CPU.Build.0 = Debug|Any CPU
		{3F81C719-D2EF-4356-9E6C-938A2BA12B3A}.Release|Any CPU.ActiveCfg = Release|Any CPU
		{3F81C719-D2EF-4356-9E6C-938A2BA12B3A}.Release|Any CPU.Build.0 = Release|Any CPU
	EndGlobalSection
	GlobalSection(SolutionProperties) = preSolution
		HideSolutionNode = FALSE
	EndGlobalSection
EndGlobal
