
Microsoft Visual Studio Solution File, Format Version 12.00
# Visual Studio Version 17
VisualStudioVersion = 17.0.31903.59
MinimumVisualStudioVersion = 10.0.40219.1
Project("{FAE04EC0-301F-11D3-BF4B-00C04F79EFBC}") = "Test2", "Test2\Test2.csproj", "{23EF7123-539E-4886-9CDE-D10B48F31D66}"
EndProject
Project("{FAE04EC0-301F-11D3-BF4B-00C04F79EFBC}") = "Test2.Tests", "Test2.Tests\Test2.Tests.csproj", "{F46F0B0F-FF0D-470B-A0C0-2460BD3B9D3F}"
EndProject
Global
	GlobalSection(SolutionConfigurationPlatforms) = preSolution
		Debug|Any CPU = Debug|Any CPU
		Release|Any CPU = Release|Any CPU
	EndGlobalSection
	GlobalSection(SolutionProperties) = preSolution
		HideSolutionNode = FALSE
	EndGlobalSection
	GlobalSection(ProjectConfigurationPlatforms) = postSolution
		{23EF7123-539E-4886-9CDE-D10B48F31D66}.Debug|Any CPU.ActiveCfg = Debug|Any CPU
		{23EF7123-539E-4886-9CDE-D10B48F31D66}.Debug|Any CPU.Build.0 = Debug|Any CPU
		{23EF7123-539E-4886-9CDE-D10B48F31D66}.Release|Any CPU.ActiveCfg = Release|Any CPU
		{23EF7123-539E-4886-9CDE-D10B48F31D66}.Release|Any CPU.Build.0 = Release|Any CPU
		{F46F0B0F-FF0D-470B-A0C0-2460BD3B9D3F}.Debug|Any CPU.ActiveCfg = Debug|Any CPU
		{F46F0B0F-FF0D-470B-A0C0-2460BD3B9D3F}.Debug|Any CPU.Build.0 = Debug|Any CPU
		{F46F0B0F-FF0D-470B-A0C0-2460BD3B9D3F}.Release|Any CPU.ActiveCfg = Release|Any CPU
		{F46F0B0F-FF0D-470B-A0C0-2460BD3B9D3F}.Release|Any CPU.Build.0 = Release|Any CPU
	EndGlobalSection
EndGlobal
